{
  "originHash" : "d03b698244b736b87608e6b54e656bb03e0519a04c686277ad6ce132aa1867dc",
  "pins" : [
    {
      "identity" : "highlighterswift",
      "kind" : "remoteSourceControl",
      "location" : "https://github.com/smittytone/HighlighterSwift",
      "state" : {
        "revision" : "fe7aae9c9b31d3b296fd3d2dd575e1a207bb29e0",
        "version" : "3.1.0"
      }
    }
  ],
  "version" : 3
}
